
Microsoft Visual Studio Solution File, Format Version 12.00
# Visual Studio 2012
Project("{8BC9CEB8-8B4A-11D0-8D11-00A0C91BC942}") = "ProjectEarthquake", "ProjectEarthquake.vcxproj", "{FA8473F0-7922-46E7-892A-3750E4451A3B}"
EndProject
Global
	GlobalSection(SolutionConfigurationPlatforms) = preSolution
		Debug|Win32 = Debug|Win32
		Release|Win32 = Release|Win32
	EndGlobalSection
	GlobalSection(ProjectConfigurationPlatforms) = postSolution
		{FA8473F0-7922-46E7-892A-3750E4451A3B}.Debug|Win32.ActiveCfg = Debug|Win32
		{FA8473F0-7922-46E7-892A-3750E4451A3B}.Debug|Win32.Build.0 = Debug|Win32
		{FA8473F0-7922-46E7-892A-3750E4451A3B}.Release|Win32.ActiveCfg = Release|Win32
		{FA8473F0-7922-46E7-892A-3750E4451A3B}.Release|Win32.Build.0 = Release|Win32
	EndGlobalSection
	GlobalSection(SolutionProperties) = preSolution
		HideSolutionNode = FALSE
	EndGlobalSection
EndGlobal
